
Microsoft Visual Studio Solution File, Format Version 12.00
# Visual Studio 16
Project("{8BC9CEB8-8B4A-11D0-8D11-00A0C91BC942}") = "Sandbox", "Sandbox\Sandbox.vcxproj", "{F4C124E3-60A1-A37E-69B9-2E55D5170AE0}"
EndProject
Project("{8BC9CEB8-8B4A-11D0-8D11-00A0C91BC942}") = "Glad", "Hildur\vendor\Glad\Glad.vcxproj", "{BDD6857C-A90D-870D-52FA-6C103E10030F}"
EndProject
Project("{8BC9CEB8-8B4A-11D0-8D11-00A0C91BC942}") = "Hildur", "Hildur\Hildur.vcxproj", "{CD707BB7-B912-A68D-A2CD-B9E18E0E2DDE}"
EndProject
Project("{8BC9CEB8-8B4A-11D0-8D11-00A0C91BC942}") = "ImGui", "Hildur\vendor\ImGui\ImGui.vcxproj", "{C0FF640D-2C14-8DBE-F595-301E616989EF}"
EndProject
Project("{2150E333-8FDC-42A3-9474-1A3956D46DE8}") = "SFML", "SFML", "{DEB2CB5D-CA6A-0DAB-3372-E6061F49A89B}"
EndProject
Project("{8BC9CEB8-8B4A-11D0-8D11-00A0C91BC942}") = "sfml-audio", "Hildur\vendor\SFML\build\projects\sfml-audio.vcxproj", "{96A9B0F1-8261-F23E-EB68-CB9AD73F8D2F}"
EndProject
Project("{8BC9CEB8-8B4A-11D0-8D11-00A0C91BC942}") = "sfml-graphics", "Hildur\vendor\SFML\build\projects\sfml-graphics.vcxproj", "{B5B7C7CC-2178-4303-EAB2-8C80563288DF}"
EndProject
Project("{8BC9CEB8-8B4A-11D0-8D11-00A0C91BC942}") = "sfml-main", "Hildur\vendor\SFML\build\projects\sfml-main.vcxproj", "{69E0222E-D54A-D7A4-1E89-884A8A32B5F9}"
EndProject
Project("{8BC9CEB8-8B4A-11D0-8D11-00A0C91BC942}") = "sfml-network", "Hildur\vendor\SFML\build\projects\sfml-network.vcxproj", "{4E370DE5-3A9A-9C89-E31F-D53FCF61680C}"
EndProject
Project("{8BC9CEB8-8B4A-11D0-8D11-00A0C91BC942}") = "sfml-system", "Hildur\vendor\SFML\build\projects\sfml-system.vcxproj", "{49811352-B536-8C47-3E2B-861EAADF824B}"
EndProject
Project("{8BC9CEB8-8B4A-11D0-8D11-00A0C91BC942}") = "sfml-window", "Hildur\vendor\SFML\build\projects\sfml-window.vcxproj", "{1C9B435A-8850-BC4F-1145-B6267DF9B253}"
EndProject
Global
	GlobalSection(SolutionConfigurationPlatforms) = preSolution
		Debug|x64 = Debug|x64
		Dist|x64 = Dist|x64
		Release|x64 = Release|x64
	EndGlobalSection
	GlobalSection(ProjectConfigurationPlatforms) = postSolution
		{F4C124E3-60A1-A37E-69B9-2E55D5170AE0}.Debug|x64.ActiveCfg = Debug|x64
		{F4C124E3-60A1-A37E-69B9-2E55D5170AE0}.Debug|x64.Build.0 = Debug|x64
		{F4C124E3-60A1-A37E-69B9-2E55D5170AE0}.Dist|x64.ActiveCfg = Dist|x64
		{F4C124E3-60A1-A37E-69B9-2E55D5170AE0}.Dist|x64.Build.0 = Dist|x64
		{F4C124E3-60A1-A37E-69B9-2E55D5170AE0}.Release|x64.ActiveCfg = Release|x64
		{F4C124E3-60A1-A37E-69B9-2E55D5170AE0}.Release|x64.Build.0 = Release|x64
		{BDD6857C-A90D-870D-52FA-6C103E10030F}.Debug|x64.ActiveCfg = Debug|x64
		{BDD6857C-A90D-870D-52FA-6C103E10030F}.Debug|x64.Build.0 = Debug|x64
		{BDD6857C-A90D-870D-52FA-6C103E10030F}.Dist|x64.ActiveCfg = Dist|x64
		{BDD6857C-A90D-870D-52FA-6C103E10030F}.Dist|x64.Build.0 = Dist|x64
		{BDD6857C-A90D-870D-52FA-6C103E10030F}.Release|x64.ActiveCfg = Release|x64
		{BDD6857C-A90D-870D-52FA-6C103E10030F}.Release|x64.Build.0 = Release|x64
		{CD707BB7-B912-A68D-A2CD-B9E18E0E2DDE}.Debug|x64.ActiveCfg = Debug|x64
		{CD707BB7-B912-A68D-A2CD-B9E18E0E2DDE}.Debug|x64.Build.0 = Debug|x64
		{CD707BB7-B912-A68D-A2CD-B9E18E0E2DDE}.Dist|x64.ActiveCfg = Dist|x64
		{CD707BB7-B912-A68D-A2CD-B9E18E0E2DDE}.Dist|x64.Build.0 = Dist|x64
		{CD707BB7-B912-A68D-A2CD-B9E18E0E2DDE}.Release|x64.ActiveCfg = Release|x64
		{CD707BB7-B912-A68D-A2CD-B9E18E0E2DDE}.Release|x64.Build.0 = Release|x64
		{C0FF640D-2C14-8DBE-F595-301E616989EF}.Debug|x64.ActiveCfg = Debug|x64
		{C0FF640D-2C14-8DBE-F595-301E616989EF}.Debug|x64.Build.0 = Debug|x64
		{C0FF640D-2C14-8DBE-F595-301E616989EF}.Dist|x64.ActiveCfg = Dist|x64
		{C0FF640D-2C14-8DBE-F595-301E616989EF}.Dist|x64.Build.0 = Dist|x64
		{C0FF640D-2C14-8DBE-F595-301E616989EF}.Release|x64.ActiveCfg = Release|x64
		{C0FF640D-2C14-8DBE-F595-301E616989EF}.Release|x64.Build.0 = Release|x64
		{96A9B0F1-8261-F23E-EB68-CB9AD73F8D2F}.Debug|x64.ActiveCfg = Debug|x64
		{96A9B0F1-8261-F23E-EB68-CB9AD73F8D2F}.Debug|x64.Build.0 = Debug|x64
		{96A9B0F1-8261-F23E-EB68-CB9AD73F8D2F}.Dist|x64.ActiveCfg = Dist|x64
		{96A9B0F1-8261-F23E-EB68-CB9AD73F8D2F}.Dist|x64.Build.0 = Dist|x64
		{96A9B0F1-8261-F23E-EB68-CB9AD73F8D2F}.Release|x64.ActiveCfg = Release|x64
		{96A9B0F1-8261-F23E-EB68-CB9AD73F8D2F}.Release|x64.Build.0 = Release|x64
		{B5B7C7CC-2178-4303-EAB2-8C80563288DF}.Debug|x64.ActiveCfg = Debug|x64
		{B5B7C7CC-2178-4303-EAB2-8C80563288DF}.Debug|x64.Build.0 = Debug|x64
		{B5B7C7CC-2178-4303-EAB2-8C80563288DF}.Dist|x64.ActiveCfg = Dist|x64
		{B5B7C7CC-2178-4303-EAB2-8C80563288DF}.Dist|x64.Build.0 = Dist|x64
		{B5B7C7CC-2178-4303-EAB2-8C80563288DF}.Release|x64.ActiveCfg = Release|x64
		{B5B7C7CC-2178-4303-EAB2-8C80563288DF}.Release|x64.Build.0 = Release|x64
		{69E0222E-D54A-D7A4-1E89-884A8A32B5F9}.Debug|x64.ActiveCfg = Debug|x64
		{69E0222E-D54A-D7A4-1E89-884A8A32B5F9}.Debug|x64.Build.0 = Debug|x64
		{69E0222E-D54A-D7A4-1E89-884A8A32B5F9}.Dist|x64.ActiveCfg = Dist|x64
		{69E0222E-D54A-D7A4-1E89-884A8A32B5F9}.Dist|x64.Build.0 = Dist|x64
		{69E0222E-D54A-D7A4-1E89-884A8A32B5F9}.Release|x64.ActiveCfg = Release|x64
		{69E0222E-D54A-D7A4-1E89-884A8A32B5F9}.Release|x64.Build.0 = Release|x64
		{4E370DE5-3A9A-9C89-E31F-D53FCF61680C}.Debug|x64.ActiveCfg = Debug|x64
		{4E370DE5-3A9A-9C89-E31F-D53FCF61680C}.Debug|x64.Build.0 = Debug|x64
		{4E370DE5-3A9A-9C89-E31F-D53FCF61680C}.Dist|x64.ActiveCfg = Dist|x64
		{4E370DE5-3A9A-9C89-E31F-D53FCF61680C}.Dist|x64.Build.0 = Dist|x64
		{4E370DE5-3A9A-9C89-E31F-D53FCF61680C}.Release|x64.ActiveCfg = Release|x64
		{4E370DE5-3A9A-9C89-E31F-D53FCF61680C}.Release|x64.Build.0 = Release|x64
		{49811352-B536-8C47-3E2B-861EAADF824B}.Debug|x64.ActiveCfg = Debug|x64
		{49811352-B536-8C47-3E2B-861EAADF824B}.Debug|x64.Build.0 = Debug|x64
		{49811352-B536-8C47-3E2B-861EAADF824B}.Dist|x64.ActiveCfg = Dist|x64
		{49811352-B536-8C47-3E2B-861EAADF824B}.Dist|x64.Build.0 = Dist|x64
		{49811352-B536-8C47-3E2B-861EAADF824B}.Release|x64.ActiveCfg = Release|x64
		{49811352-B536-8C47-3E2B-861EAADF824B}.Release|x64.Build.0 = Release|x64
		{1C9B435A-8850-BC4F-1145-B6267DF9B253}.Debug|x64.ActiveCfg = Debug|x64
		{1C9B435A-8850-BC4F-1145-B6267DF9B253}.Debug|x64.Build.0 = Debug|x64
		{1C9B435A-8850-BC4F-1145-B6267DF9B253}.Dist|x64.ActiveCfg = Dist|x64
		{1C9B435A-8850-BC4F-1145-B6267DF9B253}.Dist|x64.Build.0 = Dist|x64
		{1C9B435A-8850-BC4F-1145-B6267DF9B253}.Release|x64.ActiveCfg = Release|x64
		{1C9B435A-8850-BC4F-1145-B6267DF9B253}.Release|x64.Build.0 = Release|x64
	EndGlobalSection
	GlobalSection(SolutionProperties) = preSolution
		HideSolutionNode = FALSE
	EndGlobalSection
	GlobalSection(NestedProjects) = preSolution
		{96A9B0F1-8261-F23E-EB68-CB9AD73F8D2F} = {DEB2CB5D-CA6A-0DAB-3372-E6061F49A89B}
		{B5B7C7CC-2178-4303-EAB2-8C80563288DF} = {DEB2CB5D-CA6A-0DAB-3372-E6061F49A89B}
		{69E0222E-D54A-D7A4-1E89-884A8A32B5F9} = {DEB2CB5D-CA6A-0DAB-3372-E6061F49A89B}
		{4E370DE5-3A9A-9C89-E31F-D53FCF61680C} = {DEB2CB5D-CA6A-0DAB-3372-E6061F49A89B}
		{49811352-B536-8C47-3E2B-861EAADF824B} = {DEB2CB5D-CA6A-0DAB-3372-E6061F49A89B}
		{1C9B435A-8850-BC4F-1145-B6267DF9B253} = {DEB2CB5D-CA6A-0DAB-3372-E6061F49A89B}
	EndGlobalSection
EndGlobal
