<?xml version="1.0" encoding="utf-8"?>
<Project ToolsVersion="4.0" xmlns="http://schemas.microsoft.com/developer/msbuild/2003">
  <ItemGroup>
    <Filter Include="Hildur">
      <UniqueIdentifier>{CD707BB7-B912-A68D-A2CD-B9E18E0E2DDE}</UniqueIdentifier>
    </Filter>
    <Filter Include="Hildur\Events">
      <UniqueIdentifier>{11946AE8-7D54-E61E-468F-2F9CB20E2BFB}</UniqueIdentifier>
    </Filter>
    <Filter Include="Hildur\ImGui">
      <UniqueIdentifier>{B78BBAB9-A3EE-495E-4C74-821438B615E1}</UniqueIdentifier>
    </Filter>
    <Filter Include="Platform">
      <UniqueIdentifier>{2AC788B4-1694-E3BF-3FAD-D1672BD9184E}</UniqueIdentifier>
    </Filter>
    <Filter Include="Platform\OpenGL">
      <UniqueIdentifier>{1E7D2C1D-8A08-9AE1-9319-1DD6FF23F6E1}</UniqueIdentifier>
    </Filter>
    <Filter Include="Platform\Windows">
      <UniqueIdentifier>{64FBD71A-50F4-F66C-7926-DCF1657ED678}</UniqueIdentifier>
    </Filter>
  </ItemGroup>
  <ItemGroup>
    <ClInclude Include="src\Hildur.h" />
    <ClInclude Include="src\Hildur\Application.h">
      <Filter>Hildur</Filter>
    </ClInclude>
    <ClInclude Include="src\Hildur\Core.h">
      <Filter>Hildur</Filter>
    </ClInclude>
    <ClInclude Include="src\Hildur\EntryPoint.h">
      <Filter>Hildur</Filter>
    </ClInclude>
    <ClInclude Include="src\Hildur\Events\ApplicationEvent.h">
      <Filter>Hildur\Events</Filter>
    </ClInclude>
    <ClInclude Include="src\Hildur\Events\Event.h">
      <Filter>Hildur\Events</Filter>
    </ClInclude>
    <ClInclude Include="src\Hildur\Events\KeyEvent.h">
      <Filter>Hildur\Events</Filter>
    </ClInclude>
    <ClInclude Include="src\Hildur\Events\MouseEvent.h">
      <Filter>Hildur\Events</Filter>
    </ClInclude>
    <ClInclude Include="src\Hildur\ImGui\imGuiLayer.h">
      <Filter>Hildur\ImGui</Filter>
    </ClInclude>
    <ClInclude Include="src\Hildur\Layer.h">
      <Filter>Hildur</Filter>
    </ClInclude>
    <ClInclude Include="src\Hildur\LayerStack.h">
      <Filter>Hildur</Filter>
    </ClInclude>
    <ClInclude Include="src\Hildur\Log.h">
      <Filter>Hildur</Filter>
    </ClInclude>
    <ClInclude Include="src\Hildur\Window.h">
      <Filter>Hildur</Filter>
    </ClInclude>
    <ClInclude Include="src\Platform\OpenGL\ImGuiOpenGLRenderer.h">
      <Filter>Platform\OpenGL</Filter>
    </ClInclude>
    <ClInclude Include="src\Platform\Windows\WindowsWindow.h">
      <Filter>Platform\Windows</Filter>
    </ClInclude>
    <ClInclude Include="src\hrpcheaders.h" />
  </ItemGroup>
  <ItemGroup>
    <ClCompile Include="src\Hildur\Application.cpp">
      <Filter>Hildur</Filter>
    </ClCompile>
    <ClCompile Include="src\Hildur\ImGui\ImGuiLayer.cpp">
      <Filter>Hildur\ImGui</Filter>
    </ClCompile>
    <ClCompile Include="src\Hildur\Layer.cpp">
      <Filter>Hildur</Filter>
    </ClCompile>
    <ClCompile Include="src\Hildur\LayerStack.cpp">
      <Filter>Hildur</Filter>
    </ClCompile>
    <ClCompile Include="src\Hildur\Log.cpp">
      <Filter>Hildur</Filter>
    </ClCompile>
    <ClCompile Include="src\Platform\OpenGL\ImGuiOpenGLRenderer.cpp">
      <Filter>Platform\OpenGL</Filter>
    </ClCompile>
    <ClCompile Include="src\Platform\Windows\WindowsWindow.cpp">
      <Filter>Platform\Windows</Filter>
    </ClCompile>
    <ClCompile Include="src\hrpcheaders.cpp" />
  </ItemGroup>
</Project>